// !$*UTF8*$!
{
	archiveVersion = 1;
	classes = {
	};
	objectVersion = 70;
	objects = {

/* Begin PBXBuildFile section */
		A724B8952CE01A74008BA7C9 /* bernieApp.swift in Sources */ = {isa = PBXBuildFile; fileRef = A724B8942CE01A74008BA7C9 /* bernieApp.swift */; };
		A724B8992CE01A74008BA7C9 /* Assets.xcassets in Resources */ = {isa = PBXBuildFile; fileRef = A724B8982CE01A74008BA7C9 /* Assets.xcassets */; };
		A724B89C2CE01A74008BA7C9 /* Preview Assets.xcassets in Resources */ = {isa = PBXBuildFile; fileRef = A724B89B2CE01A74008BA7C9 /* Preview Assets.xcassets */; };
		A724B89E2CE01A74008BA7C9 /* Persistence.swift in Sources */ = {isa = PBXBuildFile; fileRef = A724B89D2CE01A74008BA7C9 /* Persistence.swift */; };
		A724B8A12CE01A74008BA7C9 /* bernie.xcdatamodeld in Sources */ = {isa = PBXBuildFile; fileRef = A724B89F2CE01A74008BA7C9 /* bernie.xcdatamodeld */; };
		A724B8AB2CE01A75008BA7C9 /* bernieTests.swift in Sources */ = {isa = PBXBuildFile; fileRef = A724B8AA2CE01A75008BA7C9 /* bernieTests.swift */; };
		A724B8B52CE01A75008BA7C9 /* bernieUITests.swift in Sources */ = {isa = PBXBuildFile; fileRef = A724B8B42CE01A75008BA7C9 /* bernieUITests.swift */; };
		A724B8B72CE01A75008BA7C9 /* bernieUITestsLaunchTests.swift in Sources */ = {isa = PBXBuildFile; fileRef = A724B8B62CE01A75008BA7C9 /* bernieUITestsLaunchTests.swift */; };
		A7DC15DE2D474E44001C34FB /* utils.swift in Sources */ = {isa = PBXBuildFile; fileRef = A7DC15DD2D474E3E001C34FB /* utils.swift */; };
/* End PBXBuildFile section */

/* Begin PBXContainerItemProxy section */
		A724B8A72CE01A75008BA7C9 /* PBXContainerItemProxy */ = {
			isa = PBXContainerItemProxy;
			containerPortal = A724B8892CE01A74008BA7C9 /* Project object */;
			proxyType = 1;
			remoteGlobalIDString = A724B8902CE01A74008BA7C9;
			remoteInfo = bernie;
		};
		A724B8B12CE01A75008BA7C9 /* PBXContainerItemProxy */ = {
			isa = PBXContainerItemProxy;
			containerPortal = A724B8892CE01A74008BA7C9 /* Project object */;
			proxyType = 1;
			remoteGlobalIDString = A724B8902CE01A74008BA7C9;
			remoteInfo = bernie;
		};
/* End PBXContainerItemProxy section */

/* Begin PBXFileReference section */
		A724B8912CE01A74008BA7C9 /* bernie.app */ = {isa = PBXFileReference; explicitFileType = wrapper.application; includeInIndex = 0; path = bernie.app; sourceTree = BUILT_PRODUCTS_DIR; };
		A724B8942CE01A74008BA7C9 /* bernieApp.swift */ = {isa = PBXFileReference; lastKnownFileType = sourcecode.swift; path = bernieApp.swift; sourceTree = "<group>"; };
		A724B8982CE01A74008BA7C9 /* Assets.xcassets */ = {isa = PBXFileReference; lastKnownFileType = folder.assetcatalog; path = Assets.xcassets; sourceTree = "<group>"; };
		A724B89B2CE01A74008BA7C9 /* Preview Assets.xcassets */ = {isa = PBXFileReference; lastKnownFileType = folder.assetcatalog; path = "Preview Assets.xcassets"; sourceTree = "<group>"; };
		A724B89D2CE01A74008BA7C9 /* Persistence.swift */ = {isa = PBXFileReference; lastKnownFileType = sourcecode.swift; path = Persistence.swift; sourceTree = "<group>"; };
		A724B8A02CE01A74008BA7C9 /* bernie.xcdatamodel */ = {isa = PBXFileReference; lastKnownFileType = wrapper.xcdatamodel; path = bernie.xcdatamodel; sourceTree = "<group>"; };
		A724B8A62CE01A75008BA7C9 /* bernieTests.xctest */ = {isa = PBXFileReference; explicitFileType = wrapper.cfbundle; includeInIndex = 0; path = bernieTests.xctest; sourceTree = BUILT_PRODUCTS_DIR; };
		A724B8AA2CE01A75008BA7C9 /* bernieTests.swift */ = {isa = PBXFileReference; lastKnownFileType = sourcecode.swift; path = bernieTests.swift; sourceTree = "<group>"; };
		A724B8B02CE01A75008BA7C9 /* bernieUITests.xctest */ = {isa = PBXFileReference; explicitFileType = wrapper.cfbundle; includeInIndex = 0; path = bernieUITests.xctest; sourceTree = BUILT_PRODUCTS_DIR; };
		A724B8B42CE01A75008BA7C9 /* bernieUITests.swift */ = {isa = PBXFileReference; lastKnownFileType = sourcecode.swift; path = bernieUITests.swift; sourceTree = "<group>"; };
		A724B8B62CE01A75008BA7C9 /* bernieUITestsLaunchTests.swift */ = {isa = PBXFileReference; lastKnownFileType = sourcecode.swift; path = bernieUITestsLaunchTests.swift; sourceTree = "<group>"; };
		A7DC15DD2D474E3E001C34FB /* utils.swift */ = {isa = PBXFileReference; lastKnownFileType = sourcecode.swift; path = utils.swift; sourceTree = "<group>"; };
/* End PBXFileReference section */

/* Begin PBXFileSystemSynchronizedRootGroup section */
		A7DC15CC2D3C75CB001C34FB /* Models */ = {isa = PBXFileSystemSynchronizedRootGroup; explicitFileTypes = {}; explicitFolders = (); path = Models; sourceTree = "<group>"; };
		A7DC15CD2D3C75D1001C34FB /* Views */ = {isa = PBXFileSystemSynchronizedRootGroup; explicitFileTypes = {}; explicitFolders = (); path = Views; sourceTree = "<group>"; };
		A7DC15CE2D3C75DB001C34FB /* ViewModels */ = {isa = PBXFileSystemSynchronizedRootGroup; explicitFileTypes = {}; explicitFolders = (); path = ViewModels; sourceTree = "<group>"; };
		A7DC15CF2D3C75F2001C34FB /* Services */ = {isa = PBXFileSystemSynchronizedRootGroup; explicitFileTypes = {}; explicitFolders = (); path = Services; sourceTree = "<group>"; };
/* End PBXFileSystemSynchronizedRootGroup section */

/* Begin PBXFrameworksBuildPhase section */
		A724B88E2CE01A74008BA7C9 /* Frameworks */ = {
			isa = PBXFrameworksBuildPhase;
			buildActionMask = 2147483647;
			files = (
			);
			runOnlyForDeploymentPostprocessing = 0;
		};
		A724B8A32CE01A75008BA7C9 /* Frameworks */ = {
			isa = PBXFrameworksBuildPhase;
			buildActionMask = 2147483647;
			files = (
			);
			runOnlyForDeploymentPostprocessing = 0;
		};
		A724B8AD2CE01A75008BA7C9 /* Frameworks */ = {
			isa = PBXFrameworksBuildPhase;
			buildActionMask = 2147483647;
			files = (
			);
			runOnlyForDeploymentPostprocessing = 0;
		};
/* End PBXFrameworksBuildPhase section */

/* Begin PBXGroup section */
		A724B8882CE01A74008BA7C9 = {
			isa = PBXGroup;
			children = (
				A724B8932CE01A74008BA7C9 /* bernie */,
				A724B8A92CE01A75008BA7C9 /* bernieTests */,
				A724B8B32CE01A75008BA7C9 /* bernieUITests */,
				A724B8922CE01A74008BA7C9 /* Products */,
			);
			sourceTree = "<group>";
		};
		A724B8922CE01A74008BA7C9 /* Products */ = {
			isa = PBXGroup;
			children = (
				A724B8912CE01A74008BA7C9 /* bernie.app */,
				A724B8A62CE01A75008BA7C9 /* bernieTests.xctest */,
				A724B8B02CE01A75008BA7C9 /* bernieUITests.xctest */,
			);
			name = Products;
			sourceTree = "<group>";
		};
		A724B8932CE01A74008BA7C9 /* bernie */ = {
			isa = PBXGroup;
			children = (
				A7DC15DD2D474E3E001C34FB /* utils.swift */,
				A7DC15CF2D3C75F2001C34FB /* Services */,
				A7DC15CE2D3C75DB001C34FB /* ViewModels */,
				A7DC15CD2D3C75D1001C34FB /* Views */,
				A7DC15CC2D3C75CB001C34FB /* Models */,
				A724B8942CE01A74008BA7C9 /* bernieApp.swift */,
				A724B8982CE01A74008BA7C9 /* Assets.xcassets */,
				A724B89D2CE01A74008BA7C9 /* Persistence.swift */,
				A724B89F2CE01A74008BA7C9 /* bernie.xcdatamodeld */,
				A724B89A2CE01A74008BA7C9 /* Preview Content */,
			);
			path = bernie;
			sourceTree = "<group>";
		};
		A724B89A2CE01A74008BA7C9 /* Preview Content */ = {
			isa = PBXGroup;
			children = (
				A724B89B2CE01A74008BA7C9 /* Preview Assets.xcassets */,
			);
			path = "Preview Content";
			sourceTree = "<group>";
		};
		A724B8A92CE01A75008BA7C9 /* bernieTests */ = {
			isa = PBXGroup;
			children = (
				A724B8AA2CE01A75008BA7C9 /* bernieTests.swift */,
			);
			path = bernieTests;
			sourceTree = "<group>";
		};
		A724B8B32CE01A75008BA7C9 /* bernieUITests */ = {
			isa = PBXGroup;
			children = (
				A724B8B42CE01A75008BA7C9 /* bernieUITests.swift */,
				A724B8B62CE01A75008BA7C9 /* bernieUITestsLaunchTests.swift */,
			);
			path = bernieUITests;
			sourceTree = "<group>";
		};
/* End PBXGroup section */

/* Begin PBXNativeTarget section */
		A724B8902CE01A74008BA7C9 /* bernie */ = {
			isa = PBXNativeTarget;
			buildConfigurationList = A724B8BA2CE01A75008BA7C9 /* Build configuration list for PBXNativeTarget "bernie" */;
			buildPhases = (
				A724B88D2CE01A74008BA7C9 /* Sources */,
				A724B88E2CE01A74008BA7C9 /* Frameworks */,
				A724B88F2CE01A74008BA7C9 /* Resources */,
			);
			buildRules = (
			);
			dependencies = (
			);
			fileSystemSynchronizedGroups = (
				A7DC15CC2D3C75CB001C34FB /* Models */,
				A7DC15CD2D3C75D1001C34FB /* Views */,
				A7DC15CE2D3C75DB001C34FB /* ViewModels */,
				A7DC15CF2D3C75F2001C34FB /* Services */,
			);
			name = bernie;
			productName = bernie;
			productReference = A724B8912CE01A74008BA7C9 /* bernie.app */;
			productType = "com.apple.product-type.application";
		};
		A724B8A52CE01A75008BA7C9 /* bernieTests */ = {
			isa = PBXNativeTarget;
			buildConfigurationList = A724B8BD2CE01A75008BA7C9 /* Build configuration list for PBXNativeTarget "bernieTests" */;
			buildPhases = (
				A724B8A22CE01A75008BA7C9 /* Sources */,
				A724B8A32CE01A75008BA7C9 /* Frameworks */,
				A724B8A42CE01A75008BA7C9 /* Resources */,
			);
			buildRules = (
			);
			dependencies = (
				A724B8A82CE01A75008BA7C9 /* PBXTargetDependency */,
			);
			name = bernieTests;
			productName = bernieTests;
			productReference = A724B8A62CE01A75008BA7C9 /* bernieTests.xctest */;
			productType = "com.apple.product-type.bundle.unit-test";
		};
		A724B8AF2CE01A75008BA7C9 /* bernieUITests */ = {
			isa = PBXNativeTarget;
			buildConfigurationList = A724B8C02CE01A75008BA7C9 /* Build configuration list for PBXNativeTarget "bernieUITests" */;
			buildPhases = (
				A724B8AC2CE01A75008BA7C9 /* Sources */,
				A724B8AD2CE01A75008BA7C9 /* Frameworks */,
				A724B8AE2CE01A75008BA7C9 /* Resources */,
			);
			buildRules = (
			);
			dependencies = (
				A724B8B22CE01A75008BA7C9 /* PBXTargetDependency */,
			);
			name = bernieUITests;
			productName = bernieUITests;
			productReference = A724B8B02CE01A75008BA7C9 /* bernieUITests.xctest */;
			productType = "com.apple.product-type.bundle.ui-testing";
		};
/* End PBXNativeTarget section */

/* Begin PBXProject section */
		A724B8892CE01A74008BA7C9 /* Project object */ = {
			isa = PBXProject;
			attributes = {
				BuildIndependentTargetsInParallel = 1;
				LastSwiftUpdateCheck = 1420;
				LastUpgradeCheck = 1420;
				TargetAttributes = {
					A724B8902CE01A74008BA7C9 = {
						CreatedOnToolsVersion = 14.2;
					};
					A724B8A52CE01A75008BA7C9 = {
						CreatedOnToolsVersion = 14.2;
						TestTargetID = A724B8902CE01A74008BA7C9;
					};
					A724B8AF2CE01A75008BA7C9 = {
						CreatedOnToolsVersion = 14.2;
						TestTargetID = A724B8902CE01A74008BA7C9;
					};
				};
			};
			buildConfigurationList = A724B88C2CE01A74008BA7C9 /* Build configuration list for PBXProject "bernie" */;
			compatibilityVersion = "Xcode 14.0";
			developmentRegion = en;
			hasScannedForEncodings = 0;
			knownRegions = (
				en,
				Base,
			);
			mainGroup = A724B8882CE01A74008BA7C9;
			productRefGroup = A724B8922CE01A74008BA7C9 /* Products */;
			projectDirPath = "";
			projectRoot = "";
			targets = (
				A724B8902CE01A74008BA7C9 /* bernie */,
				A724B8A52CE01A75008BA7C9 /* bernieTests */,
				A724B8AF2CE01A75008BA7C9 /* bernieUITests */,
			);
		};
/* End PBXProject section */

/* Begin PBXResourcesBuildPhase section */
		A724B88F2CE01A74008BA7C9 /* Resources */ = {
			isa = PBXResourcesBuildPhase;
			buildActionMask = 2147483647;
			files = (
				A724B89C2CE01A74008BA7C9 /* Preview Assets.xcassets in Resources */,
				A724B8992CE01A74008BA7C9 /* Assets.xcassets in Resources */,
			);
			runOnlyForDeploymentPostprocessing = 0;
		};
		A724B8A42CE01A75008BA7C9 /* Resources */ = {
			isa = PBXResourcesBuildPhase;
			buildActionMask = 2147483647;
			files = (
			);
			runOnlyForDeploymentPostprocessing = 0;
		};
		A724B8AE2CE01A75008BA7C9 /* Resources */ = {
			isa = PBXResourcesBuildPhase;
			buildActionMask = 2147483647;
			files = (
			);
			runOnlyForDeploymentPostprocessing = 0;
		};
/* End PBXResourcesBuildPhase section */

/* Begin PBXSourcesBuildPhase section */
		A724B88D2CE01A74008BA7C9 /* Sources */ = {
			isa = PBXSourcesBuildPhase;
			buildActionMask = 2147483647;
			files = (
				A7DC15DE2D474E44001C34FB /* utils.swift in Sources */,
				A724B8A12CE01A74008BA7C9 /* bernie.xcdatamodeld in Sources */,
				A724B89E2CE01A74008BA7C9 /* Persistence.swift in Sources */,
				A724B8952CE01A74008BA7C9 /* bernieApp.swift in Sources */,
			);
			runOnlyForDeploymentPostprocessing = 0;
		};
		A724B8A22CE01A75008BA7C9 /* Sources */ = {
			isa = PBXSourcesBuildPhase;
			buildActionMask = 2147483647;
			files = (
				A724B8AB2CE01A75008BA7C9 /* bernieTests.swift in Sources */,
			);
			runOnlyForDeploymentPostprocessing = 0;
		};
		A724B8AC2CE01A75008BA7C9 /* Sources */ = {
			isa = PBXSourcesBuildPhase;
			buildActionMask = 2147483647;
			files = (
				A724B8B52CE01A75008BA7C9 /* bernieUITests.swift in Sources */,
				A724B8B72CE01A75008BA7C9 /* bernieUITestsLaunchTests.swift in Sources */,
			);
			runOnlyForDeploymentPostprocessing = 0;
		};
/* End PBXSourcesBuildPhase section */

/* Begin PBXTargetDependency section */
		A724B8A82CE01A75008BA7C9 /* PBXTargetDependency */ = {
			isa = PBXTargetDependency;
			target = A724B8902CE01A74008BA7C9 /* bernie */;
			targetProxy = A724B8A72CE01A75008BA7C9 /* PBXContainerItemProxy */;
		};
		A724B8B22CE01A75008BA7C9 /* PBXTargetDependency */ = {
			isa = PBXTargetDependency;
			target = A724B8902CE01A74008BA7C9 /* bernie */;
			targetProxy = A724B8B12CE01A75008BA7C9 /* PBXContainerItemProxy */;
		};
/* End PBXTargetDependency section */

/* Begin XCBuildConfiguration section */
		A724B8B82CE01A75008BA7C9 /* Debug */ = {
			isa = XCBuildConfiguration;
			buildSettings = {
				ALWAYS_SEARCH_USER_PATHS = NO;
				CLANG_ANALYZER_NONNULL = YES;
				CLANG_ANALYZER_NUMBER_OBJECT_CONVERSION = YES_AGGRESSIVE;
				CLANG_CXX_LANGUAGE_STANDARD = "gnu++20";
				CLANG_ENABLE_MODULES = YES;
				CLANG_ENABLE_OBJC_ARC = YES;
				CLANG_ENABLE_OBJC_WEAK = YES;
				CLANG_WARN_BLOCK_CAPTURE_AUTORELEASING = YES;
				CLANG_WARN_BOOL_CONVERSION = YES;
				CLANG_WARN_COMMA = YES;
				CLANG_WARN_CONSTANT_CONVERSION = YES;
				CLANG_WARN_DEPRECATED_OBJC_IMPLEMENTATIONS = YES;
				CLANG_WARN_DIRECT_OBJC_ISA_USAGE = YES_ERROR;
				CLANG_WARN_DOCUMENTATION_COMMENTS = YES;
				CLANG_WARN_EMPTY_BODY = YES;
				CLANG_WARN_ENUM_CONVERSION = YES;
				CLANG_WARN_INFINITE_RECURSION = YES;
				CLANG_WARN_INT_CONVERSION = YES;
				CLANG_WARN_NON_LITERAL_NULL_CONVERSION = YES;
				CLANG_WARN_OBJC_IMPLICIT_RETAIN_SELF = YES;
				CLANG_WARN_OBJC_LITERAL_CONVERSION = YES;
				CLANG_WARN_OBJC_ROOT_CLASS = YES_ERROR;
				CLANG_WARN_QUOTED_INCLUDE_IN_FRAMEWORK_HEADER = YES;
				CLANG_WARN_RANGE_LOOP_ANALYSIS = YES;
				CLANG_WARN_STRICT_PROTOTYPES = YES;
				CLANG_WARN_SUSPICIOUS_MOVE = YES;
				CLANG_WARN_UNGUARDED_AVAILABILITY = YES_AGGRESSIVE;
				CLANG_WARN_UNREACHABLE_CODE = YES;
				CLANG_WARN__DUPLICATE_METHOD_MATCH = YES;
				COPY_PHASE_STRIP = NO;
				DEBUG_INFORMATION_FORMAT = dwarf;
				ENABLE_STRICT_OBJC_MSGSEND = YES;
				ENABLE_TESTABILITY = YES;
				GCC_C_LANGUAGE_STANDARD = gnu11;
				GCC_DYNAMIC_NO_PIC = NO;
				GCC_NO_COMMON_BLOCKS = YES;
				GCC_OPTIMIZATION_LEVEL = 0;
				GCC_PREPROCESSOR_DEFINITIONS = (
					"DEBUG=1",
					"$(inherited)",
				);
				GCC_WARN_64_TO_32_BIT_CONVERSION = YES;
				GCC_WARN_ABOUT_RETURN_TYPE = YES_ERROR;
				GCC_WARN_UNDECLARED_SELECTOR = YES;
				GCC_WARN_UNINITIALIZED_AUTOS = YES_AGGRESSIVE;
				GCC_WARN_UNUSED_FUNCTION = YES;
				GCC_WARN_UNUSED_VARIABLE = YES;
				IPHONEOS_DEPLOYMENT_TARGET = 16.2;
				MTL_ENABLE_DEBUG_INFO = INCLUDE_SOURCE;
				MTL_FAST_MATH = YES;
				ONLY_ACTIVE_ARCH = YES;
				SDKROOT = iphoneos;
				SWIFT_ACTIVE_COMPILATION_CONDITIONS = DEBUG;
				SWIFT_OPTIMIZATION_LEVEL = "-Onone";
			};
			name = Debug;
		};
		A724B8B92CE01A75008BA7C9 /* Release */ = {
			isa = XCBuildConfiguration;
			buildSettings = {
				ALWAYS_SEARCH_USER_PATHS = NO;
				CLANG_ANALYZER_NONNULL = YES;
				CLANG_ANALYZER_NUMBER_OBJECT_CONVERSION = YES_AGGRESSIVE;
				CLANG_CXX_LANGUAGE_STANDARD = "gnu++20";
				CLANG_ENABLE_MODULES = YES;
				CLANG_ENABLE_OBJC_ARC = YES;
				CLANG_ENABLE_OBJC_WEAK = YES;
				CLANG_WARN_BLOCK_CAPTURE_AUTORELEASING = YES;
				CLANG_WARN_BOOL_CONVERSION = YES;
				CLANG_WARN_COMMA = YES;
				CLANG_WARN_CONSTANT_CONVERSION = YES;
				CLANG_WARN_DEPRECATED_OBJC_IMPLEMENTATIONS = YES;
				CLANG_WARN_DIRECT_OBJC_ISA_USAGE = YES_ERROR;
				CLANG_WARN_DOCUMENTATION_COMMENTS = YES;
				CLANG_WARN_EMPTY_BODY = YES;
				CLANG_WARN_ENUM_CONVERSION = YES;
				CLANG_WARN_INFINITE_RECURSION = YES;
				CLANG_WARN_INT_CONVERSION = YES;
				CLANG_WARN_NON_LITERAL_NULL_CONVERSION = YES;
				CLANG_WARN_OBJC_IMPLICIT_RETAIN_SELF = YES;
				CLANG_WARN_OBJC_LITERAL_CONVERSION = YES;
				CLANG_WARN_OBJC_ROOT_CLASS = YES_ERROR;
				CLANG_WARN_QUOTED_INCLUDE_IN_FRAMEWORK_HEADER = YES;
				CLANG_WARN_RANGE_LOOP_ANALYSIS = YES;
				CLANG_WARN_STRICT_PROTOTYPES = YES;
				CLANG_WARN_SUSPICIOUS_MOVE = YES;
				CLANG_WARN_UNGUARDED_AVAILABILITY = YES_AGGRESSIVE;
				CLANG_WARN_UNREACHABLE_CODE = YES;
				CLANG_WARN__DUPLICATE_METHOD_MATCH = YES;
				COPY_PHASE_STRIP = NO;
				DEBUG_INFORMATION_FORMAT = "dwarf-with-dsym";
				ENABLE_NS_ASSERTIONS = NO;
				ENABLE_STRICT_OBJC_MSGSEND = YES;
				GCC_C_LANGUAGE_STANDARD = gnu11;
				GCC_NO_COMMON_BLOCKS = YES;
				GCC_WARN_64_TO_32_BIT_CONVERSION = YES;
				GCC_WARN_ABOUT_RETURN_TYPE = YES_ERROR;
				GCC_WARN_UNDECLARED_SELECTOR = YES;
				GCC_WARN_UNINITIALIZED_AUTOS = YES_AGGRESSIVE;
				GCC_WARN_UNUSED_FUNCTION = YES;
				GCC_WARN_UNUSED_VARIABLE = YES;
				IPHONEOS_DEPLOYMENT_TARGET = 16.2;
				MTL_ENABLE_DEBUG_INFO = NO;
				MTL_FAST_MATH = YES;
				SDKROOT = iphoneos;
				SWIFT_COMPILATION_MODE = wholemodule;
				SWIFT_OPTIMIZATION_LEVEL = "-O";
				VALIDATE_PRODUCT = YES;
			};
			name = Release;
		};
		A724B8BB2CE01A75008BA7C9 /* Debug */ = {
			isa = XCBuildConfiguration;
			buildSettings = {
				ASSETCATALOG_COMPILER_APPICON_NAME = AppIcon;
				ASSETCATALOG_COMPILER_GLOBAL_ACCENT_COLOR_NAME = AccentColor;
				CODE_SIGN_STYLE = Automatic;
				CURRENT_PROJECT_VERSION = 1;
				DEVELOPMENT_ASSET_PATHS = "\"bernie/Preview Content\"";
				DEVELOPMENT_TEAM = 6CSA7B5438;
				ENABLE_PREVIEWS = YES;
				GENERATE_INFOPLIST_FILE = YES;
				INFOPLIST_KEY_UIApplicationSceneManifest_Generation = YES;
				INFOPLIST_KEY_UIApplicationSupportsIndirectInputEvents = YES;
				INFOPLIST_KEY_UILaunchScreen_Generation = YES;
				INFOPLIST_KEY_UISupportedInterfaceOrientations_iPad = "UIInterfaceOrientationPortrait UIInterfaceOrientationPortraitUpsideDown UIInterfaceOrientationLandscapeLeft UIInterfaceOrientationLandscapeRight";
				INFOPLIST_KEY_UISupportedInterfaceOrientations_iPhone = "UIInterfaceOrientationPortrait UIInterfaceOrientationLandscapeLeft UIInterfaceOrientationLandscapeRight";
				LD_RUNPATH_SEARCH_PATHS = (
					"$(inherited)",
					"@executable_path/Frameworks",
				);
				MARKETING_VERSION = 1.0;
				PRODUCT_BUNDLE_IDENTIFIER = com.micruopp.bernie;
				PRODUCT_NAME = "$(TARGET_NAME)";
				SWIFT_EMIT_LOC_STRINGS = YES;
				SWIFT_VERSION = 5.0;
				TARGETED_DEVICE_FAMILY = "1,2";
			};
			name = Debug;
		};
		A724B8BC2CE01A75008BA7C9 /* Release */ = {
			isa = XCBuildConfiguration;
			buildSettings = {
				ASSETCATALOG_COMPILER_APPICON_NAME = AppIcon;
				ASSETCATALOG_COMPILER_GLOBAL_ACCENT_COLOR_NAME = AccentColor;
				CODE_SIGN_STYLE = Automatic;
				CURRENT_PROJECT_VERSION = 1;
				DEVELOPMENT_ASSET_PATHS = "\"bernie/Preview Content\"";
				DEVELOPMENT_TEAM = 6CSA7B5438;
				ENABLE_PREVIEWS = YES;
				GENERATE_INFOPLIST_FILE = YES;
				INFOPLIST_KEY_UIApplicationSceneManifest_Generation = YES;
				INFOPLIST_KEY_UIApplicationSupportsIndirectInputEvents = YES;
				INFOPLIST_KEY_UILaunchScreen_Generation = YES;
				INFOPLIST_KEY_UISupportedInterfaceOrientations_iPad = "UIInterfaceOrientationPortrait UIInterfaceOrientationPortraitUpsideDown UIInterfaceOrientationLandscapeLeft UIInterfaceOrientationLandscapeRight";
				INFOPLIST_KEY_UISupportedInterfaceOrientations_iPhone = "UIInterfaceOrientationPortrait UIInterfaceOrientationLandscapeLeft UIInterfaceOrientationLandscapeRight";
				LD_RUNPATH_SEARCH_PATHS = (
					"$(inherited)",
					"@executable_path/Frameworks",
				);
				MARKETING_VERSION = 1.0;
				PRODUCT_BUNDLE_IDENTIFIER = com.micruopp.bernie;
				PRODUCT_NAME = "$(TARGET_NAME)";
				SWIFT_EMIT_LOC_STRINGS = YES;
				SWIFT_VERSION = 5.0;
				TARGETED_DEVICE_FAMILY = "1,2";
			};
			name = Release;
		};
		A724B8BE2CE01A75008BA7C9 /* Debug */ = {
			isa = XCBuildConfiguration;
			buildSettings = {
				ALWAYS_EMBED_SWIFT_STANDARD_LIBRARIES = YES;
				BUNDLE_LOADER = "$(TEST_HOST)";
				CODE_SIGN_STYLE = Automatic;
				CURRENT_PROJECT_VERSION = 1;
				DEVELOPMENT_TEAM = 6CSA7B5438;
				GENERATE_INFOPLIST_FILE = YES;
				IPHONEOS_DEPLOYMENT_TARGET = 16.2;
				MARKETING_VERSION = 1.0;
				PRODUCT_BUNDLE_IDENTIFIER = com.micruopp.bernieTests;
				PRODUCT_NAME = "$(TARGET_NAME)";
				SWIFT_EMIT_LOC_STRINGS = NO;
				SWIFT_VERSION = 5.0;
				TARGETED_DEVICE_FAMILY = "1,2";
				TEST_HOST = "$(BUILT_PRODUCTS_DIR)/bernie.app/$(BUNDLE_EXECUTABLE_FOLDER_PATH)/bernie";
			};
			name = Debug;
		};
		A724B8BF2CE01A75008BA7C9 /* Release */ = {
			isa = XCBuildConfiguration;
			buildSettings = {
				ALWAYS_EMBED_SWIFT_STANDARD_LIBRARIES = YES;
				BUNDLE_LOADER = "$(TEST_HOST)";
				CODE_SIGN_STYLE = Automatic;
				CURRENT_PROJECT_VERSION = 1;
				DEVELOPMENT_TEAM = 6CSA7B5438;
				GENERATE_INFOPLIST_FILE = YES;
				IPHONEOS_DEPLOYMENT_TARGET = 16.2;
				MARKETING_VERSION = 1.0;
				PRODUCT_BUNDLE_IDENTIFIER = com.micruopp.bernieTests;
				PRODUCT_NAME = "$(TARGET_NAME)";
				SWIFT_EMIT_LOC_STRINGS = NO;
				SWIFT_VERSION = 5.0;
				TARGETED_DEVICE_FAMILY = "1,2";
				TEST_HOST = "$(BUILT_PRODUCTS_DIR)/bernie.app/$(BUNDLE_EXECUTABLE_FOLDER_PATH)/bernie";
			};
			name = Release;
		};
		A724B8C12CE01A75008BA7C9 /* Debug */ = {
			isa = XCBuildConfiguration;
			buildSettings = {
				ALWAYS_EMBED_SWIFT_STANDARD_LIBRARIES = YES;
				CODE_SIGN_STYLE = Automatic;
				CURRENT_PROJECT_VERSION = 1;
				DEVELOPMENT_TEAM = 6CSA7B5438;
				GENERATE_INFOPLIST_FILE = YES;
				MARKETING_VERSION = 1.0;
				PRODUCT_BUNDLE_IDENTIFIER = com.micruopp.bernieUITests;
				PRODUCT_NAME = "$(TARGET_NAME)";
				SWIFT_EMIT_LOC_STRINGS = NO;
				SWIFT_VERSION = 5.0;
				TARGETED_DEVICE_FAMILY = "1,2";
				TEST_TARGET_NAME = bernie;
			};
			name = Debug;
		};
		A724B8C22CE01A75008BA7C9 /* Release */ = {
			isa = XCBuildConfiguration;
			buildSettings = {
				ALWAYS_EMBED_SWIFT_STANDARD_LIBRARIES = YES;
				CODE_SIGN_STYLE = Automatic;
				CURRENT_PROJECT_VERSION = 1;
				DEVELOPMENT_TEAM = 6CSA7B5438;
				GENERATE_INFOPLIST_FILE = YES;
				MARKETING_VERSION = 1.0;
				PRODUCT_BUNDLE_IDENTIFIER = com.micruopp.bernieUITests;
				PRODUCT_NAME = "$(TARGET_NAME)";
				SWIFT_EMIT_LOC_STRINGS = NO;
				SWIFT_VERSION = 5.0;
				TARGETED_DEVICE_FAMILY = "1,2";
				TEST_TARGET_NAME = bernie;
			};
			name = Release;
		};
/* End XCBuildConfiguration section */

/* Begin XCConfigurationList section */
		A724B88C2CE01A74008BA7C9 /* Build configuration list for PBXProject "bernie" */ = {
			isa = XCConfigurationList;
			buildConfigurations = (
				A724B8B82CE01A75008BA7C9 /* Debug */,
				A724B8B92CE01A75008BA7C9 /* Release */,
			);
			defaultConfigurationIsVisible = 0;
			defaultConfigurationName = Release;
		};
		A724B8BA2CE01A75008BA7C9 /* Build configuration list for PBXNativeTarget "bernie" */ = {
			isa = XCConfigurationList;
			buildConfigurations = (
				A724B8BB2CE01A75008BA7C9 /* Debug */,
				A724B8BC2CE01A75008BA7C9 /* Release */,
			);
			defaultConfigurationIsVisible = 0;
			defaultConfigurationName = Release;
		};
		A724B8BD2CE01A75008BA7C9 /* Build configuration list for PBXNativeTarget "bernieTests" */ = {
			isa = XCConfigurationList;
			buildConfigurations = (
				A724B8BE2CE01A75008BA7C9 /* Debug */,
				A724B8BF2CE01A75008BA7C9 /* Release */,
			);
			defaultConfigurationIsVisible = 0;
			defaultConfigurationName = Release;
		};
		A724B8C02CE01A75008BA7C9 /* Build configuration list for PBXNativeTarget "bernieUITests" */ = {
			isa = XCConfigurationList;
			buildConfigurations = (
				A724B8C12CE01A75008BA7C9 /* Debug */,
				A724B8C22CE01A75008BA7C9 /* Release */,
			);
			defaultConfigurationIsVisible = 0;
			defaultConfigurationName = Release;
		};
/* End XCConfigurationList section */

/* Begin XCVersionGroup section */
		A724B89F2CE01A74008BA7C9 /* bernie.xcdatamodeld */ = {
			isa = XCVersionGroup;
			children = (
				A724B8A02CE01A74008BA7C9 /* bernie.xcdatamodel */,
			);
			currentVersion = A724B8A02CE01A74008BA7C9 /* bernie.xcdatamodel */;
			path = bernie.xcdatamodeld;
			sourceTree = "<group>";
			versionGroupType = wrapper.xcdatamodel;
		};
/* End XCVersionGroup section */
	};
	rootObject = A724B8892CE01A74008BA7C9 /* Project object */;
}
